
Microsoft Visual Studio Solution File, Format Version 12.00
# Visual Studio Version 16
VisualStudioVersion = 16.0.30717.126
MinimumVisualStudioVersion = 10.0.40219.1
Project("{FAE04EC0-301F-11D3-BF4B-00C04F79EFBC}") = "GestiuneDepozit", "GestiuneDepozit\GestiuneDepozit.csproj", "{86072EDD-B95C-42AB-AE69-C06FA9030DBE}"
EndProject
Project("{FAE04EC0-301F-11D3-BF4B-00C04F79EFBC}") = "GestiuneDepozit.Data", "GestiuneDepozit.Data\GestiuneDepozit.Data.csproj", "{95BBE4AF-AF70-4E8C-8981-6F8677A56EDA}"
EndProject
Project("{FAE04EC0-301F-11D3-BF4B-00C04F79EFBC}") = "GestiuneDepozit.Helpers", "GestiuneDepozit.Helpers\GestiuneDepozit.Helpers.csproj", "{4810002B-6FA6-42D6-9983-B5810D65E89B}"
EndProject
Global
	GlobalSection(SolutionConfigurationPlatforms) = preSolution
		Debug|Any CPU = Debug|Any CPU
		Release|Any CPU = Release|Any CPU
	EndGlobalSection
	GlobalSection(ProjectConfigurationPlatforms) = postSolution
		{86072EDD-B95C-42AB-AE69-C06FA9030DBE}.Debug|Any CPU.ActiveCfg = Debug|Any CPU
		{86072EDD-B95C-42AB-AE69-C06FA9030DBE}.Debug|Any CPU.Build.0 = Debug|Any CPU
		{86072EDD-B95C-42AB-AE69-C06FA9030DBE}.Release|Any CPU.ActiveCfg = Release|Any CPU
		{86072EDD-B95C-42AB-AE69-C06FA9030DBE}.Release|Any CPU.Build.0 = Release|Any CPU
		{95BBE4AF-AF70-4E8C-8981-6F8677A56EDA}.Debug|Any CPU.ActiveCfg = Debug|Any CPU
		{95BBE4AF-AF70-4E8C-8981-6F8677A56EDA}.Debug|Any CPU.Build.0 = Debug|Any CPU
		{95BBE4AF-AF70-4E8C-8981-6F8677A56EDA}.Release|Any CPU.ActiveCfg = Release|Any CPU
		{95BBE4AF-AF70-4E8C-8981-6F8677A56EDA}.Release|Any CPU.Build.0 = Release|Any CPU
		{4810002B-6FA6-42D6-9983-B5810D65E89B}.Debug|Any CPU.ActiveCfg = Debug|Any CPU
		{4810002B-6FA6-42D6-9983-B5810D65E89B}.Debug|Any CPU.Build.0 = Debug|Any CPU
		{4810002B-6FA6-42D6-9983-B5810D65E89B}.Release|Any CPU.ActiveCfg = Release|Any CPU
		{4810002B-6FA6-42D6-9983-B5810D65E89B}.Release|Any CPU.Build.0 = Release|Any CPU
	EndGlobalSection
	GlobalSection(SolutionProperties) = preSolution
		HideSolutionNode = FALSE
	EndGlobalSection
	GlobalSection(ExtensibilityGlobals) = postSolution
		SolutionGuid = {1F0BE8F8-BB38-4315-8C28-58BEDDE8EE6C}
	EndGlobalSection
EndGlobal
